
Microsoft Visual Studio Solution File, Format Version 12.00
# Visual Studio Version 17
VisualStudioVersion = 17.4.33103.184
MinimumVisualStudioVersion = 10.0.40219.1
Project("{2150E333-8FDC-42A3-9474-1A3956D46DE8}") = "src", "src", "{EEB50B2E-1942-4D44-86D2-8FFA2B9DDE59}"
EndProject
Project("{2150E333-8FDC-42A3-9474-1A3956D46DE8}") = "RcycleCoin", "RcycleCoin", "{E9CBC4ED-3FDD-4D5E-9AFA-6C5449D0410E}"
EndProject
Project("{9A19103F-16F7-4668-BE54-9A1E7A4F7556}") = "WebAPI", "src\RcycleCoin\WebAPI\WebAPI.csproj", "{E763927A-3F72-4B96-8393-34B0E4E79560}"
EndProject
Project("{9A19103F-16F7-4668-BE54-9A1E7A4F7556}") = "Business", "src\RcycleCoin\Business\Business.csproj", "{71C0B499-85E6-4E9C-9F1A-235B5BFD7288}"
EndProject
Project("{9A19103F-16F7-4668-BE54-9A1E7A4F7556}") = "Core", "src\RcycleCoin\Core\Core.csproj", "{448407E3-FF32-402D-8E51-33591A6D7A9F}"
EndProject
Project("{9A19103F-16F7-4668-BE54-9A1E7A4F7556}") = "DataAccess", "src\RcycleCoin\DataAccess\DataAccess.csproj", "{5F2D4E3A-308E-4A7F-A495-DCCCD00E2B6E}"
EndProject
Project("{9A19103F-16F7-4668-BE54-9A1E7A4F7556}") = "Entities", "src\RcycleCoin\Entities\Entities.csproj", "{2F1572B7-E55B-4256-AF89-847CF3027468}"
EndProject
Project("{2150E333-8FDC-42A3-9474-1A3956D46DE8}") = "corePackages", "corePackages", "{C682C519-934E-4157-82BE-7DBC9F221FCB}"
EndProject
Project("{FAE04EC0-301F-11D3-BF4B-00C04F79EFBC}") = "Core.Application", "src\corePackages\Core.Application\Core.Application.csproj", "{B85916CC-A519-4385-9954-052F8565DDB2}"
EndProject
Project("{FAE04EC0-301F-11D3-BF4B-00C04F79EFBC}") = "Core.CrossCuttingConcerns", "src\corePackages\Core.CrossCuttingConcerns\Core.CrossCuttingConcerns.csproj", "{A8437623-3136-4E90-B60B-E757D67D8DD4}"
EndProject
Project("{FAE04EC0-301F-11D3-BF4B-00C04F79EFBC}") = "Core.ElasticSearch", "src\corePackages\Core.ElasticSearch\Core.ElasticSearch.csproj", "{8FCFB0FE-ED97-43B7-BCD3-A80C63B65A4E}"
EndProject
Project("{FAE04EC0-301F-11D3-BF4B-00C04F79EFBC}") = "Core.Mailing", "src\corePackages\Core.Mailing\Core.Mailing.csproj", "{732D916D-1EF6-422C-8087-2A6164930E65}"
EndProject
Project("{FAE04EC0-301F-11D3-BF4B-00C04F79EFBC}") = "Core.Persistence", "src\corePackages\Core.Persistence\Core.Persistence.csproj", "{EEC3CD02-E3ED-4921-B6C7-B02B440C1D8B}"
EndProject
Project("{FAE04EC0-301F-11D3-BF4B-00C04F79EFBC}") = "Core.Security", "src\corePackages\Core.Security\Core.Security.csproj", "{93B81518-BCA3-4880-A884-4C27250C6EA4}"
EndProject
Project("{FAE04EC0-301F-11D3-BF4B-00C04F79EFBC}") = "Core.Test", "src\corePackages\Core.Test\Core.Test.csproj", "{41149862-A1AC-40A8-A9CB-7608A16F0EA9}"
EndProject
Global
	GlobalSection(SolutionConfigurationPlatforms) = preSolution
		Debug|Any CPU = Debug|Any CPU
		Release|Any CPU = Release|Any CPU
	EndGlobalSection
	GlobalSection(ProjectConfigurationPlatforms) = postSolution
		{E763927A-3F72-4B96-8393-34B0E4E79560}.Debug|Any CPU.ActiveCfg = Debug|Any CPU
		{E763927A-3F72-4B96-8393-34B0E4E79560}.Debug|Any CPU.Build.0 = Debug|Any CPU
		{E763927A-3F72-4B96-8393-34B0E4E79560}.Release|Any CPU.ActiveCfg = Release|Any CPU
		{E763927A-3F72-4B96-8393-34B0E4E79560}.Release|Any CPU.Build.0 = Release|Any CPU
		{71C0B499-85E6-4E9C-9F1A-235B5BFD7288}.Debug|Any CPU.ActiveCfg = Debug|Any CPU
		{71C0B499-85E6-4E9C-9F1A-235B5BFD7288}.Debug|Any CPU.Build.0 = Debug|Any CPU
		{71C0B499-85E6-4E9C-9F1A-235B5BFD7288}.Release|Any CPU.ActiveCfg = Release|Any CPU
		{71C0B499-85E6-4E9C-9F1A-235B5BFD7288}.Release|Any CPU.Build.0 = Release|Any CPU
		{448407E3-FF32-402D-8E51-33591A6D7A9F}.Debug|Any CPU.ActiveCfg = Debug|Any CPU
		{448407E3-FF32-402D-8E51-33591A6D7A9F}.Debug|Any CPU.Build.0 = Debug|Any CPU
		{448407E3-FF32-402D-8E51-33591A6D7A9F}.Release|Any CPU.ActiveCfg = Release|Any CPU
		{448407E3-FF32-402D-8E51-33591A6D7A9F}.Release|Any CPU.Build.0 = Release|Any CPU
		{5F2D4E3A-308E-4A7F-A495-DCCCD00E2B6E}.Debug|Any CPU.ActiveCfg = Debug|Any CPU
		{5F2D4E3A-308E-4A7F-A495-DCCCD00E2B6E}.Debug|Any CPU.Build.0 = Debug|Any CPU
		{5F2D4E3A-308E-4A7F-A495-DCCCD00E2B6E}.Release|Any CPU.ActiveCfg = Release|Any CPU
		{5F2D4E3A-308E-4A7F-A495-DCCCD00E2B6E}.Release|Any CPU.Build.0 = Release|Any CPU
		{2F1572B7-E55B-4256-AF89-847CF3027468}.Debug|Any CPU.ActiveCfg = Debug|Any CPU
		{2F1572B7-E55B-4256-AF89-847CF3027468}.Debug|Any CPU.Build.0 = Debug|Any CPU
		{2F1572B7-E55B-4256-AF89-847CF3027468}.Release|Any CPU.ActiveCfg = Release|Any CPU
		{2F1572B7-E55B-4256-AF89-847CF3027468}.Release|Any CPU.Build.0 = Release|Any CPU
		{B85916CC-A519-4385-9954-052F8565DDB2}.Debug|Any CPU.ActiveCfg = Debug|Any CPU
		{B85916CC-A519-4385-9954-052F8565DDB2}.Debug|Any CPU.Build.0 = Debug|Any CPU
		{B85916CC-A519-4385-9954-052F8565DDB2}.Release|Any CPU.ActiveCfg = Release|Any CPU
		{B85916CC-A519-4385-9954-052F8565DDB2}.Release|Any CPU.Build.0 = Release|Any CPU
		{A8437623-3136-4E90-B60B-E757D67D8DD4}.Debug|Any CPU.ActiveCfg = Debug|Any CPU
		{A8437623-3136-4E90-B60B-E757D67D8DD4}.Debug|Any CPU.Build.0 = Debug|Any CPU
		{A8437623-3136-4E90-B60B-E757D67D8DD4}.Release|Any CPU.ActiveCfg = Release|Any CPU
		{A8437623-3136-4E90-B60B-E757D67D8DD4}.Release|Any CPU.Build.0 = Release|Any CPU
		{8FCFB0FE-ED97-43B7-BCD3-A80C63B65A4E}.Debug|Any CPU.ActiveCfg = Debug|Any CPU
		{8FCFB0FE-ED97-43B7-BCD3-A80C63B65A4E}.Debug|Any CPU.Build.0 = Debug|Any CPU
		{8FCFB0FE-ED97-43B7-BCD3-A80C63B65A4E}.Release|Any CPU.ActiveCfg = Release|Any CPU
		{8FCFB0FE-ED97-43B7-BCD3-A80C63B65A4E}.Release|Any CPU.Build.0 = Release|Any CPU
		{732D916D-1EF6-422C-8087-2A6164930E65}.Debug|Any CPU.ActiveCfg = Debug|Any CPU
		{732D916D-1EF6-422C-8087-2A6164930E65}.Debug|Any CPU.Build.0 = Debug|Any CPU
		{732D916D-1EF6-422C-8087-2A6164930E65}.Release|Any CPU.ActiveCfg = Release|Any CPU
		{732D916D-1EF6-422C-8087-2A6164930E65}.Release|Any CPU.Build.0 = Release|Any CPU
		{EEC3CD02-E3ED-4921-B6C7-B02B440C1D8B}.Debug|Any CPU.ActiveCfg = Debug|Any CPU
		{EEC3CD02-E3ED-4921-B6C7-B02B440C1D8B}.Debug|Any CPU.Build.0 = Debug|Any CPU
		{EEC3CD02-E3ED-4921-B6C7-B02B440C1D8B}.Release|Any CPU.ActiveCfg = Release|Any CPU
		{EEC3CD02-E3ED-4921-B6C7-B02B440C1D8B}.Release|Any CPU.Build.0 = Release|Any CPU
		{93B81518-BCA3-4880-A884-4C27250C6EA4}.Debug|Any CPU.ActiveCfg = Debug|Any CPU
		{93B81518-BCA3-4880-A884-4C27250C6EA4}.Debug|Any CPU.Build.0 = Debug|Any CPU
		{93B81518-BCA3-4880-A884-4C27250C6EA4}.Release|Any CPU.ActiveCfg = Release|Any CPU
		{93B81518-BCA3-4880-A884-4C27250C6EA4}.Release|Any CPU.Build.0 = Release|Any CPU
		{41149862-A1AC-40A8-A9CB-7608A16F0EA9}.Debug|Any CPU.ActiveCfg = Debug|Any CPU
		{41149862-A1AC-40A8-A9CB-7608A16F0EA9}.Debug|Any CPU.Build.0 = Debug|Any CPU
		{41149862-A1AC-40A8-A9CB-7608A16F0EA9}.Release|Any CPU.ActiveCfg = Release|Any CPU
		{41149862-A1AC-40A8-A9CB-7608A16F0EA9}.Release|Any CPU.Build.0 = Release|Any CPU
	EndGlobalSection
	GlobalSection(SolutionProperties) = preSolution
		HideSolutionNode = FALSE
	EndGlobalSection
	GlobalSection(NestedProjects) = preSolution
		{E9CBC4ED-3FDD-4D5E-9AFA-6C5449D0410E} = {EEB50B2E-1942-4D44-86D2-8FFA2B9DDE59}
		{E763927A-3F72-4B96-8393-34B0E4E79560} = {E9CBC4ED-3FDD-4D5E-9AFA-6C5449D0410E}
		{71C0B499-85E6-4E9C-9F1A-235B5BFD7288} = {E9CBC4ED-3FDD-4D5E-9AFA-6C5449D0410E}
		{448407E3-FF32-402D-8E51-33591A6D7A9F} = {E9CBC4ED-3FDD-4D5E-9AFA-6C5449D0410E}
		{5F2D4E3A-308E-4A7F-A495-DCCCD00E2B6E} = {E9CBC4ED-3FDD-4D5E-9AFA-6C5449D0410E}
		{2F1572B7-E55B-4256-AF89-847CF3027468} = {E9CBC4ED-3FDD-4D5E-9AFA-6C5449D0410E}
		{C682C519-934E-4157-82BE-7DBC9F221FCB} = {EEB50B2E-1942-4D44-86D2-8FFA2B9DDE59}
		{B85916CC-A519-4385-9954-052F8565DDB2} = {C682C519-934E-4157-82BE-7DBC9F221FCB}
		{A8437623-3136-4E90-B60B-E757D67D8DD4} = {C682C519-934E-4157-82BE-7DBC9F221FCB}
		{8FCFB0FE-ED97-43B7-BCD3-A80C63B65A4E} = {C682C519-934E-4157-82BE-7DBC9F221FCB}
		{732D916D-1EF6-422C-8087-2A6164930E65} = {C682C519-934E-4157-82BE-7DBC9F221FCB}
		{EEC3CD02-E3ED-4921-B6C7-B02B440C1D8B} = {C682C519-934E-4157-82BE-7DBC9F221FCB}
		{93B81518-BCA3-4880-A884-4C27250C6EA4} = {C682C519-934E-4157-82BE-7DBC9F221FCB}
		{41149862-A1AC-40A8-A9CB-7608A16F0EA9} = {C682C519-934E-4157-82BE-7DBC9F221FCB}
	EndGlobalSection
	GlobalSection(ExtensibilityGlobals) = postSolution
		SolutionGuid = {FCDC48E6-84F1-4DD9-9195-2A63CDD423F0}
	EndGlobalSection
EndGlobal
